
Microsoft Visual Studio Solution File, Format Version 12.00
# Visual Studio 15
VisualStudioVersion = 15.0.28010.2041
MinimumVisualStudioVersion = 10.0.40219.1
Project("{8BC9CEB8-8B4A-11D0-8D11-00A0C91BC942}") = "6.37", "6.37\6.37.vcxproj", "{58D047AF-7FAA-42BA-BE9E-D39384A999D1}"
EndProject
Global
	GlobalSection(SolutionConfigurationPlatforms) = preSolution
		Debug|x64 = Debug|x64
		Debug|x86 = Debug|x86
		Release|x64 = Release|x64
		Release|x86 = Release|x86
	EndGlobalSection
	GlobalSection(ProjectConfigurationPlatforms) = postSolution
		{58D047AF-7FAA-42BA-BE9E-D39384A999D1}.Debug|x64.ActiveCfg = Debug|x64
		{58D047AF-7FAA-42BA-BE9E-D39384A999D1}.Debug|x64.Build.0 = Debug|x64
		{58D047AF-7FAA-42BA-BE9E-D39384A999D1}.Debug|x86.ActiveCfg = Debug|Win32
		{58D047AF-7FAA-42BA-BE9E-D39384A999D1}.Debug|x86.Build.0 = Debug|Win32
		{58D047AF-7FAA-42BA-BE9E-D39384A999D1}.Release|x64.ActiveCfg = Release|x64
		{58D047AF-7FAA-42BA-BE9E-D39384A999D1}.Release|x64.Build.0 = Release|x64
		{58D047AF-7FAA-42BA-BE9E-D39384A999D1}.Release|x86.ActiveCfg = Release|Win32
		{58D047AF-7FAA-42BA-BE9E-D39384A999D1}.Release|x86.Build.0 = Release|Win32
	EndGlobalSection
	GlobalSection(SolutionProperties) = preSolution
		HideSolutionNode = FALSE
	EndGlobalSection
	GlobalSection(ExtensibilityGlobals) = postSolution
		SolutionGuid = {726A63C4-610E-4F3C-B2FA-6B581CA882BC}
	EndGlobalSection
EndGlobal
