
Microsoft Visual Studio Solution File, Format Version 12.00
# Visual Studio 15
VisualStudioVersion = 15.0.28010.2041
MinimumVisualStudioVersion = 10.0.40219.1
Project("{8BC9CEB8-8B4A-11D0-8D11-00A0C91BC942}") = "6.19", "6.19\6.19.vcxproj", "{580E2839-1D8D-4ACC-8F89-6D3D9B0573A4}"
EndProject
Global
	GlobalSection(SolutionConfigurationPlatforms) = preSolution
		Debug|x64 = Debug|x64
		Debug|x86 = Debug|x86
		Release|x64 = Release|x64
		Release|x86 = Release|x86
	EndGlobalSection
	GlobalSection(ProjectConfigurationPlatforms) = postSolution
		{580E2839-1D8D-4ACC-8F89-6D3D9B0573A4}.Debug|x64.ActiveCfg = Debug|x64
		{580E2839-1D8D-4ACC-8F89-6D3D9B0573A4}.Debug|x64.Build.0 = Debug|x64
		{580E2839-1D8D-4ACC-8F89-6D3D9B0573A4}.Debug|x86.ActiveCfg = Debug|Win32
		{580E2839-1D8D-4ACC-8F89-6D3D9B0573A4}.Debug|x86.Build.0 = Debug|Win32
		{580E2839-1D8D-4ACC-8F89-6D3D9B0573A4}.Release|x64.ActiveCfg = Release|x64
		{580E2839-1D8D-4ACC-8F89-6D3D9B0573A4}.Release|x64.Build.0 = Release|x64
		{580E2839-1D8D-4ACC-8F89-6D3D9B0573A4}.Release|x86.ActiveCfg = Release|Win32
		{580E2839-1D8D-4ACC-8F89-6D3D9B0573A4}.Release|x86.Build.0 = Release|Win32
	EndGlobalSection
	GlobalSection(SolutionProperties) = preSolution
		HideSolutionNode = FALSE
	EndGlobalSection
	GlobalSection(ExtensibilityGlobals) = postSolution
		SolutionGuid = {E5572D5F-D45F-4F54-B106-6FF81055BEB4}
	EndGlobalSection
EndGlobal
